// !$*UTF8*$!
{
	archiveVersion = 1;
	classes = {
	};
	objectVersion = 56;
	objects = {

/* Begin PBXBuildFile section */
		D2051AE22A9576DC00B5FEC7 /* AppDelegate.swift in Sources */ = {isa = PBXBuildFile; fileRef = D2051AE12A9576DC00B5FEC7 /* AppDelegate.swift */; };
		D2051AE42A9576DC00B5FEC7 /* SceneDelegate.swift in Sources */ = {isa = PBXBuildFile; fileRef = D2051AE32A9576DC00B5FEC7 /* SceneDelegate.swift */; };
		D2051AE92A9576DC00B5FEC7 /* MainStoryboard.storyboard in Resources */ = {isa = PBXBuildFile; fileRef = D2051AE72A9576DC00B5FEC7 /* MainStoryboard.storyboard */; };
		D2051AEB2A9576DD00B5FEC7 /* Assets.xcassets in Resources */ = {isa = PBXBuildFile; fileRef = D2051AEA2A9576DD00B5FEC7 /* Assets.xcassets */; };
		D2051AEE2A9576DD00B5FEC7 /* LaunchScreen.storyboard in Resources */ = {isa = PBXBuildFile; fileRef = D2051AEC2A9576DD00B5FEC7 /* LaunchScreen.storyboard */; };
		D2051AF92A95795E00B5FEC7 /* SignInStoryboard.storyboard in Resources */ = {isa = PBXBuildFile; fileRef = D2051AF82A95795E00B5FEC7 /* SignInStoryboard.storyboard */; };
		D2051AFB2A957A3700B5FEC7 /* SignUpStoryboard.storyboard in Resources */ = {isa = PBXBuildFile; fileRef = D2051AFA2A957A3700B5FEC7 /* SignUpStoryboard.storyboard */; };
		D2051AFD2A957D5800B5FEC7 /* SignInVC.swift in Sources */ = {isa = PBXBuildFile; fileRef = D2051AFC2A957D5800B5FEC7 /* SignInVC.swift */; };
		D2051B002A9581A300B5FEC7 /* UIViewExt.swift in Sources */ = {isa = PBXBuildFile; fileRef = D2051AFF2A9581A300B5FEC7 /* UIViewExt.swift */; };
		D22CC5002A9A801400BB36B4 /* VerificationService.swift in Sources */ = {isa = PBXBuildFile; fileRef = D22CC4FF2A9A801400BB36B4 /* VerificationService.swift */; };
		D2A445012A9CC88300D1059D /* UserModel.swift in Sources */ = {isa = PBXBuildFile; fileRef = D2A445002A9CC88300D1059D /* UserModel.swift */; };
		D2A445052A9CCCEB00D1059D /* VerificationVC.swift in Sources */ = {isa = PBXBuildFile; fileRef = D2A445042A9CCCEB00D1059D /* VerificationVC.swift */; };
		D2B333642A9960EF00871F1A /* UIViewControllerExt.swift in Sources */ = {isa = PBXBuildFile; fileRef = D2B333632A9960EF00871F1A /* UIViewControllerExt.swift */; };
		D2EFCD172A9738DB00AE8EF6 /* CreateAccountVC.swift in Sources */ = {isa = PBXBuildFile; fileRef = D2EFCD162A9738DB00AE8EF6 /* CreateAccountVC.swift */; };
		D2F06E832A9D2295006EC2AE /* WelcomeVC.swift in Sources */ = {isa = PBXBuildFile; fileRef = D2F06E822A9D2295006EC2AE /* WelcomeVC.swift */; };
/* End PBXBuildFile section */

/* Begin PBXFileReference section */
		D2051ADE2A9576DC00B5FEC7 /* SignInUpApp.app */ = {isa = PBXFileReference; explicitFileType = wrapper.application; includeInIndex = 0; path = SignInUpApp.app; sourceTree = BUILT_PRODUCTS_DIR; };
		D2051AE12A9576DC00B5FEC7 /* AppDelegate.swift */ = {isa = PBXFileReference; lastKnownFileType = sourcecode.swift; path = AppDelegate.swift; sourceTree = "<group>"; };
		D2051AE32A9576DC00B5FEC7 /* SceneDelegate.swift */ = {isa = PBXFileReference; lastKnownFileType = sourcecode.swift; path = SceneDelegate.swift; sourceTree = "<group>"; };
		D2051AE82A9576DC00B5FEC7 /* Base */ = {isa = PBXFileReference; lastKnownFileType = file.storyboard; name = Base; path = Base.lproj/MainStoryboard.storyboard; sourceTree = "<group>"; };
		D2051AEA2A9576DD00B5FEC7 /* Assets.xcassets */ = {isa = PBXFileReference; lastKnownFileType = folder.assetcatalog; path = Assets.xcassets; sourceTree = "<group>"; };
		D2051AED2A9576DD00B5FEC7 /* Base */ = {isa = PBXFileReference; lastKnownFileType = file.storyboard; name = Base; path = Base.lproj/LaunchScreen.storyboard; sourceTree = "<group>"; };
		D2051AEF2A9576DD00B5FEC7 /* Info.plist */ = {isa = PBXFileReference; lastKnownFileType = text.plist.xml; path = Info.plist; sourceTree = "<group>"; };
		D2051AF82A95795E00B5FEC7 /* SignInStoryboard.storyboard */ = {isa = PBXFileReference; lastKnownFileType = file.storyboard; path = SignInStoryboard.storyboard; sourceTree = "<group>"; };
		D2051AFA2A957A3700B5FEC7 /* SignUpStoryboard.storyboard */ = {isa = PBXFileReference; lastKnownFileType = file.storyboard; path = SignUpStoryboard.storyboard; sourceTree = "<group>"; };
		D2051AFC2A957D5800B5FEC7 /* SignInVC.swift */ = {isa = PBXFileReference; lastKnownFileType = sourcecode.swift; path = SignInVC.swift; sourceTree = "<group>"; };
		D2051AFF2A9581A300B5FEC7 /* UIViewExt.swift */ = {isa = PBXFileReference; lastKnownFileType = sourcecode.swift; path = UIViewExt.swift; sourceTree = "<group>"; };
		D22CC4FF2A9A801400BB36B4 /* VerificationService.swift */ = {isa = PBXFileReference; lastKnownFileType = sourcecode.swift; path = VerificationService.swift; sourceTree = "<group>"; };
		D2A445002A9CC88300D1059D /* UserModel.swift */ = {isa = PBXFileReference; lastKnownFileType = sourcecode.swift; path = UserModel.swift; sourceTree = "<group>"; };
		D2A445042A9CCCEB00D1059D /* VerificationVC.swift */ = {isa = PBXFileReference; lastKnownFileType = sourcecode.swift; path = VerificationVC.swift; sourceTree = "<group>"; };
		D2B333632A9960EF00871F1A /* UIViewControllerExt.swift */ = {isa = PBXFileReference; lastKnownFileType = sourcecode.swift; path = UIViewControllerExt.swift; sourceTree = "<group>"; };
		D2EFCD162A9738DB00AE8EF6 /* CreateAccountVC.swift */ = {isa = PBXFileReference; lastKnownFileType = sourcecode.swift; path = CreateAccountVC.swift; sourceTree = "<group>"; };
		D2F06E822A9D2295006EC2AE /* WelcomeVC.swift */ = {isa = PBXFileReference; lastKnownFileType = sourcecode.swift; path = WelcomeVC.swift; sourceTree = "<group>"; };
/* End PBXFileReference section */

/* Begin PBXFrameworksBuildPhase section */
		D2051ADB2A9576DC00B5FEC7 /* Frameworks */ = {
			isa = PBXFrameworksBuildPhase;
			buildActionMask = 2147483647;
			files = (
			);
			runOnlyForDeploymentPostprocessing = 0;
		};
/* End PBXFrameworksBuildPhase section */

/* Begin PBXGroup section */
		D2051AD52A9576DC00B5FEC7 = {
			isa = PBXGroup;
			children = (
				D2051AE02A9576DC00B5FEC7 /* SignInUpApp */,
				D2051ADF2A9576DC00B5FEC7 /* Products */,
			);
			sourceTree = "<group>";
		};
		D2051ADF2A9576DC00B5FEC7 /* Products */ = {
			isa = PBXGroup;
			children = (
				D2051ADE2A9576DC00B5FEC7 /* SignInUpApp.app */,
			);
			name = Products;
			sourceTree = "<group>";
		};
		D2051AE02A9576DC00B5FEC7 /* SignInUpApp */ = {
			isa = PBXGroup;
			children = (
				D2A444FF2A9CC86900D1059D /* Models */,
				D2051AFE2A95817E00B5FEC7 /* Extensions */,
				D2051AF72A9578BB00B5FEC7 /* Controllers */,
				D2051AF52A95787C00B5FEC7 /* Views */,
				D22CC4FE2A9A7FFC00BB36B4 /* Services */,
				D2051AEA2A9576DD00B5FEC7 /* Assets.xcassets */,
				D2051AEF2A9576DD00B5FEC7 /* Info.plist */,
				D2051AF62A95788600B5FEC7 /* AppDelegate */,
			);
			path = SignInUpApp;
			sourceTree = "<group>";
		};
		D2051AF52A95787C00B5FEC7 /* Views */ = {
			isa = PBXGroup;
			children = (
				D2051AEC2A9576DD00B5FEC7 /* LaunchScreen.storyboard */,
				D2051AF82A95795E00B5FEC7 /* SignInStoryboard.storyboard */,
				D2051AFA2A957A3700B5FEC7 /* SignUpStoryboard.storyboard */,
				D2051AE72A9576DC00B5FEC7 /* MainStoryboard.storyboard */,
			);
			path = Views;
			sourceTree = "<group>";
		};
		D2051AF62A95788600B5FEC7 /* AppDelegate */ = {
			isa = PBXGroup;
			children = (
				D2051AE12A9576DC00B5FEC7 /* AppDelegate.swift */,
				D2051AE32A9576DC00B5FEC7 /* SceneDelegate.swift */,
			);
			path = AppDelegate;
			sourceTree = "<group>";
		};
		D2051AF72A9578BB00B5FEC7 /* Controllers */ = {
			isa = PBXGroup;
			children = (
				D2051AFC2A957D5800B5FEC7 /* SignInVC.swift */,
				D2EFCD162A9738DB00AE8EF6 /* CreateAccountVC.swift */,
				D2A445042A9CCCEB00D1059D /* VerificationVC.swift */,
				D2F06E822A9D2295006EC2AE /* WelcomeVC.swift */,
			);
			path = Controllers;
			sourceTree = "<group>";
		};
		D2051AFE2A95817E00B5FEC7 /* Extensions */ = {
			isa = PBXGroup;
			children = (
				D2051AFF2A9581A300B5FEC7 /* UIViewExt.swift */,
				D2B333632A9960EF00871F1A /* UIViewControllerExt.swift */,
			);
			path = Extensions;
			sourceTree = "<group>";
		};
		D22CC4FE2A9A7FFC00BB36B4 /* Services */ = {
			isa = PBXGroup;
			children = (
				D22CC4FF2A9A801400BB36B4 /* VerificationService.swift */,
			);
			path = Services;
			sourceTree = "<group>";
		};
		D2A444FF2A9CC86900D1059D /* Models */ = {
			isa = PBXGroup;
			children = (
				D2A445002A9CC88300D1059D /* UserModel.swift */,
			);
			path = Models;
			sourceTree = "<group>";
		};
/* End PBXGroup section */

/* Begin PBXNativeTarget section */
		D2051ADD2A9576DC00B5FEC7 /* SignInUpApp */ = {
			isa = PBXNativeTarget;
			buildConfigurationList = D2051AF22A9576DD00B5FEC7 /* Build configuration list for PBXNativeTarget "SignInUpApp" */;
			buildPhases = (
				D2051ADA2A9576DC00B5FEC7 /* Sources */,
				D2051ADB2A9576DC00B5FEC7 /* Frameworks */,
				D2051ADC2A9576DC00B5FEC7 /* Resources */,
			);
			buildRules = (
			);
			dependencies = (
			);
			name = SignInUpApp;
			productName = SignInUpApp;
			productReference = D2051ADE2A9576DC00B5FEC7 /* SignInUpApp.app */;
			productType = "com.apple.product-type.application";
		};
/* End PBXNativeTarget section */

/* Begin PBXProject section */
		D2051AD62A9576DC00B5FEC7 /* Project object */ = {
			isa = PBXProject;
			attributes = {
				BuildIndependentTargetsInParallel = 1;
				LastSwiftUpdateCheck = 1430;
				LastUpgradeCheck = 1430;
				TargetAttributes = {
					D2051ADD2A9576DC00B5FEC7 = {
						CreatedOnToolsVersion = 14.3;
					};
				};
			};
			buildConfigurationList = D2051AD92A9576DC00B5FEC7 /* Build configuration list for PBXProject "SignInUpApp" */;
			compatibilityVersion = "Xcode 14.0";
			developmentRegion = en;
			hasScannedForEncodings = 0;
			knownRegions = (
				en,
				Base,
			);
			mainGroup = D2051AD52A9576DC00B5FEC7;
			productRefGroup = D2051ADF2A9576DC00B5FEC7 /* Products */;
			projectDirPath = "";
			projectRoot = "";
			targets = (
				D2051ADD2A9576DC00B5FEC7 /* SignInUpApp */,
			);
		};
/* End PBXProject section */

/* Begin PBXResourcesBuildPhase section */
		D2051ADC2A9576DC00B5FEC7 /* Resources */ = {
			isa = PBXResourcesBuildPhase;
			buildActionMask = 2147483647;
			files = (
				D2051AFB2A957A3700B5FEC7 /* SignUpStoryboard.storyboard in Resources */,
				D2051AEE2A9576DD00B5FEC7 /* LaunchScreen.storyboard in Resources */,
				D2051AEB2A9576DD00B5FEC7 /* Assets.xcassets in Resources */,
				D2051AE92A9576DC00B5FEC7 /* MainStoryboard.storyboard in Resources */,
				D2051AF92A95795E00B5FEC7 /* SignInStoryboard.storyboard in Resources */,
			);
			runOnlyForDeploymentPostprocessing = 0;
		};
/* End PBXResourcesBuildPhase section */

/* Begin PBXSourcesBuildPhase section */
		D2051ADA2A9576DC00B5FEC7 /* Sources */ = {
			isa = PBXSourcesBuildPhase;
			buildActionMask = 2147483647;
			files = (
				D2051AE22A9576DC00B5FEC7 /* AppDelegate.swift in Sources */,
				D2F06E832A9D2295006EC2AE /* WelcomeVC.swift in Sources */,
				D2051B002A9581A300B5FEC7 /* UIViewExt.swift in Sources */,
				D2A445012A9CC88300D1059D /* UserModel.swift in Sources */,
				D22CC5002A9A801400BB36B4 /* VerificationService.swift in Sources */,
				D2B333642A9960EF00871F1A /* UIViewControllerExt.swift in Sources */,
				D2051AE42A9576DC00B5FEC7 /* SceneDelegate.swift in Sources */,
				D2A445052A9CCCEB00D1059D /* VerificationVC.swift in Sources */,
				D2EFCD172A9738DB00AE8EF6 /* CreateAccountVC.swift in Sources */,
				D2051AFD2A957D5800B5FEC7 /* SignInVC.swift in Sources */,
			);
			runOnlyForDeploymentPostprocessing = 0;
		};
/* End PBXSourcesBuildPhase section */

/* Begin PBXVariantGroup section */
		D2051AE72A9576DC00B5FEC7 /* MainStoryboard.storyboard */ = {
			isa = PBXVariantGroup;
			children = (
				D2051AE82A9576DC00B5FEC7 /* Base */,
			);
			name = MainStoryboard.storyboard;
			sourceTree = "<group>";
		};
		D2051AEC2A9576DD00B5FEC7 /* LaunchScreen.storyboard */ = {
			isa = PBXVariantGroup;
			children = (
				D2051AED2A9576DD00B5FEC7 /* Base */,
			);
			name = LaunchScreen.storyboard;
			sourceTree = "<group>";
		};
/* End PBXVariantGroup section */

/* Begin XCBuildConfiguration section */
		D2051AF02A9576DD00B5FEC7 /* Debug */ = {
			isa = XCBuildConfiguration;
			buildSettings = {
				ALWAYS_SEARCH_USER_PATHS = NO;
				CLANG_ANALYZER_NONNULL = YES;
				CLANG_ANALYZER_NUMBER_OBJECT_CONVERSION = YES_AGGRESSIVE;
				CLANG_CXX_LANGUAGE_STANDARD = "gnu++20";
				CLANG_ENABLE_MODULES = YES;
				CLANG_ENABLE_OBJC_ARC = YES;
				CLANG_ENABLE_OBJC_WEAK = YES;
				CLANG_WARN_BLOCK_CAPTURE_AUTORELEASING = YES;
				CLANG_WARN_BOOL_CONVERSION = YES;
				CLANG_WARN_COMMA = YES;
				CLANG_WARN_CONSTANT_CONVERSION = YES;
				CLANG_WARN_DEPRECATED_OBJC_IMPLEMENTATIONS = YES;
				CLANG_WARN_DIRECT_OBJC_ISA_USAGE = YES_ERROR;
				CLANG_WARN_DOCUMENTATION_COMMENTS = YES;
				CLANG_WARN_EMPTY_BODY = YES;
				CLANG_WARN_ENUM_CONVERSION = YES;
				CLANG_WARN_INFINITE_RECURSION = YES;
				CLANG_WARN_INT_CONVERSION = YES;
				CLANG_WARN_NON_LITERAL_NULL_CONVERSION = YES;
				CLANG_WARN_OBJC_IMPLICIT_RETAIN_SELF = YES;
				CLANG_WARN_OBJC_LITERAL_CONVERSION = YES;
				CLANG_WARN_OBJC_ROOT_CLASS = YES_ERROR;
				CLANG_WARN_QUOTED_INCLUDE_IN_FRAMEWORK_HEADER = YES;
				CLANG_WARN_RANGE_LOOP_ANALYSIS = YES;
				CLANG_WARN_STRICT_PROTOTYPES = YES;
				CLANG_WARN_SUSPICIOUS_MOVE = YES;
				CLANG_WARN_UNGUARDED_AVAILABILITY = YES_AGGRESSIVE;
				CLANG_WARN_UNREACHABLE_CODE = YES;
				CLANG_WARN__DUPLICATE_METHOD_MATCH = YES;
				COPY_PHASE_STRIP = NO;
				DEBUG_INFORMATION_FORMAT = dwarf;
				ENABLE_STRICT_OBJC_MSGSEND = YES;
				ENABLE_TESTABILITY = YES;
				GCC_C_LANGUAGE_STANDARD = gnu11;
				GCC_DYNAMIC_NO_PIC = NO;
				GCC_NO_COMMON_BLOCKS = YES;
				GCC_OPTIMIZATION_LEVEL = 0;
				GCC_PREPROCESSOR_DEFINITIONS = (
					"DEBUG=1",
					"$(inherited)",
				);
				GCC_WARN_64_TO_32_BIT_CONVERSION = YES;
				GCC_WARN_ABOUT_RETURN_TYPE = YES_ERROR;
				GCC_WARN_UNDECLARED_SELECTOR = YES;
				GCC_WARN_UNINITIALIZED_AUTOS = YES_AGGRESSIVE;
				GCC_WARN_UNUSED_FUNCTION = YES;
				GCC_WARN_UNUSED_VARIABLE = YES;
				IPHONEOS_DEPLOYMENT_TARGET = 16.4;
				MTL_ENABLE_DEBUG_INFO = INCLUDE_SOURCE;
				MTL_FAST_MATH = YES;
				ONLY_ACTIVE_ARCH = YES;
				SDKROOT = iphoneos;
				SWIFT_ACTIVE_COMPILATION_CONDITIONS = DEBUG;
				SWIFT_OPTIMIZATION_LEVEL = "-Onone";
			};
			name = Debug;
		};
		D2051AF12A9576DD00B5FEC7 /* Release */ = {
			isa = XCBuildConfiguration;
			buildSettings = {
				ALWAYS_SEARCH_USER_PATHS = NO;
				CLANG_ANALYZER_NONNULL = YES;
				CLANG_ANALYZER_NUMBER_OBJECT_CONVERSION = YES_AGGRESSIVE;
				CLANG_CXX_LANGUAGE_STANDARD = "gnu++20";
				CLANG_ENABLE_MODULES = YES;
				CLANG_ENABLE_OBJC_ARC = YES;
				CLANG_ENABLE_OBJC_WEAK = YES;
				CLANG_WARN_BLOCK_CAPTURE_AUTORELEASING = YES;
				CLANG_WARN_BOOL_CONVERSION = YES;
				CLANG_WARN_COMMA = YES;
				CLANG_WARN_CONSTANT_CONVERSION = YES;
				CLANG_WARN_DEPRECATED_OBJC_IMPLEMENTATIONS = YES;
				CLANG_WARN_DIRECT_OBJC_ISA_USAGE = YES_ERROR;
				CLANG_WARN_DOCUMENTATION_COMMENTS = YES;
				CLANG_WARN_EMPTY_BODY = YES;
				CLANG_WARN_ENUM_CONVERSION = YES;
				CLANG_WARN_INFINITE_RECURSION = YES;
				CLANG_WARN_INT_CONVERSION = YES;
				CLANG_WARN_NON_LITERAL_NULL_CONVERSION = YES;
				CLANG_WARN_OBJC_IMPLICIT_RETAIN_SELF = YES;
				CLANG_WARN_OBJC_LITERAL_CONVERSION = YES;
				CLANG_WARN_OBJC_ROOT_CLASS = YES_ERROR;
				CLANG_WARN_QUOTED_INCLUDE_IN_FRAMEWORK_HEADER = YES;
				CLANG_WARN_RANGE_LOOP_ANALYSIS = YES;
				CLANG_WARN_STRICT_PROTOTYPES = YES;
				CLANG_WARN_SUSPICIOUS_MOVE = YES;
				CLANG_WARN_UNGUARDED_AVAILABILITY = YES_AGGRESSIVE;
				CLANG_WARN_UNREACHABLE_CODE = YES;
				CLANG_WARN__DUPLICATE_METHOD_MATCH = YES;
				COPY_PHASE_STRIP = NO;
				DEBUG_INFORMATION_FORMAT = "dwarf-with-dsym";
				ENABLE_NS_ASSERTIONS = NO;
				ENABLE_STRICT_OBJC_MSGSEND = YES;
				GCC_C_LANGUAGE_STANDARD = gnu11;
				GCC_NO_COMMON_BLOCKS = YES;
				GCC_WARN_64_TO_32_BIT_CONVERSION = YES;
				GCC_WARN_ABOUT_RETURN_TYPE = YES_ERROR;
				GCC_WARN_UNDECLARED_SELECTOR = YES;
				GCC_WARN_UNINITIALIZED_AUTOS = YES_AGGRESSIVE;
				GCC_WARN_UNUSED_FUNCTION = YES;
				GCC_WARN_UNUSED_VARIABLE = YES;
				IPHONEOS_DEPLOYMENT_TARGET = 16.4;
				MTL_ENABLE_DEBUG_INFO = NO;
				MTL_FAST_MATH = YES;
				SDKROOT = iphoneos;
				SWIFT_COMPILATION_MODE = wholemodule;
				SWIFT_OPTIMIZATION_LEVEL = "-O";
				VALIDATE_PRODUCT = YES;
			};
			name = Release;
		};
		D2051AF32A9576DD00B5FEC7 /* Debug */ = {
			isa = XCBuildConfiguration;
			buildSettings = {
				ASSETCATALOG_COMPILER_APPICON_NAME = AppIcon;
				ASSETCATALOG_COMPILER_GLOBAL_ACCENT_COLOR_NAME = AccentColor;
				CODE_SIGN_STYLE = Automatic;
				CURRENT_PROJECT_VERSION = 1;
				DEVELOPMENT_TEAM = T375P5HL3R;
				GENERATE_INFOPLIST_FILE = YES;
				INFOPLIST_FILE = SignInUpApp/Info.plist;
				INFOPLIST_KEY_UIApplicationSupportsIndirectInputEvents = YES;
				INFOPLIST_KEY_UILaunchStoryboardName = LaunchScreen;
				INFOPLIST_KEY_UIMainStoryboardFile = SignInStoryboard;
				INFOPLIST_KEY_UISupportedInterfaceOrientations = UIInterfaceOrientationPortrait;
				INFOPLIST_KEY_UISupportedInterfaceOrientations_iPad = "UIInterfaceOrientationLandscapeLeft UIInterfaceOrientationLandscapeRight UIInterfaceOrientationPortrait UIInterfaceOrientationPortraitUpsideDown";
				LD_RUNPATH_SEARCH_PATHS = (
					"$(inherited)",
					"@executable_path/Frameworks",
				);
				MARKETING_VERSION = 1.0;
				PRODUCT_BUNDLE_IDENTIFIER = alamakota.SignInUpApp;
				PRODUCT_NAME = "$(TARGET_NAME)";
				SWIFT_EMIT_LOC_STRINGS = YES;
				SWIFT_VERSION = 5.0;
				TARGETED_DEVICE_FAMILY = "1,2";
			};
			name = Debug;
		};
		D2051AF42A9576DD00B5FEC7 /* Release */ = {
			isa = XCBuildConfiguration;
			buildSettings = {
				ASSETCATALOG_COMPILER_APPICON_NAME = AppIcon;
				ASSETCATALOG_COMPILER_GLOBAL_ACCENT_COLOR_NAME = AccentColor;
				CODE_SIGN_STYLE = Automatic;
				CURRENT_PROJECT_VERSION = 1;
				DEVELOPMENT_TEAM = T375P5HL3R;
				GENERATE_INFOPLIST_FILE = YES;
				INFOPLIST_FILE = SignInUpApp/Info.plist;
				INFOPLIST_KEY_UIApplicationSupportsIndirectInputEvents = YES;
				INFOPLIST_KEY_UILaunchStoryboardName = LaunchScreen;
				INFOPLIST_KEY_UIMainStoryboardFile = SignInStoryboard;
				INFOPLIST_KEY_UISupportedInterfaceOrientations = UIInterfaceOrientationPortrait;
				INFOPLIST_KEY_UISupportedInterfaceOrientations_iPad = "UIInterfaceOrientationLandscapeLeft UIInterfaceOrientationLandscapeRight UIInterfaceOrientationPortrait UIInterfaceOrientationPortraitUpsideDown";
				LD_RUNPATH_SEARCH_PATHS = (
					"$(inherited)",
					"@executable_path/Frameworks",
				);
				MARKETING_VERSION = 1.0;
				PRODUCT_BUNDLE_IDENTIFIER = alamakota.SignInUpApp;
				PRODUCT_NAME = "$(TARGET_NAME)";
				SWIFT_EMIT_LOC_STRINGS = YES;
				SWIFT_VERSION = 5.0;
				TARGETED_DEVICE_FAMILY = "1,2";
			};
			name = Release;
		};
/* End XCBuildConfiguration section */

/* Begin XCConfigurationList section */
		D2051AD92A9576DC00B5FEC7 /* Build configuration list for PBXProject "SignInUpApp" */ = {
			isa = XCConfigurationList;
			buildConfigurations = (
				D2051AF02A9576DD00B5FEC7 /* Debug */,
				D2051AF12A9576DD00B5FEC7 /* Release */,
			);
			defaultConfigurationIsVisible = 0;
			defaultConfigurationName = Release;
		};
		D2051AF22A9576DD00B5FEC7 /* Build configuration list for PBXNativeTarget "SignInUpApp" */ = {
			isa = XCConfigurationList;
			buildConfigurations = (
				D2051AF32A9576DD00B5FEC7 /* Debug */,
				D2051AF42A9576DD00B5FEC7 /* Release */,
			);
			defaultConfigurationIsVisible = 0;
			defaultConfigurationName = Release;
		};
/* End XCConfigurationList section */
	};
	rootObject = D2051AD62A9576DC00B5FEC7 /* Project object */;
}
